// !$*UTF8*$!
{
	archiveVersion = 1;
	classes = {
	};
	objectVersion = 55;
	objects = {

/* Begin PBXBuildFile section */
		025BFFEA28C1E1FF00073D58 /* hikeData.json in Resources */ = {isa = PBXBuildFile; fileRef = 025BFFE928C1E1FF00073D58 /* hikeData.json */; };
		025BFFEC28C1E4C900073D58 /* Hike.swift in Sources */ = {isa = PBXBuildFile; fileRef = 025BFFEB28C1E4C900073D58 /* Hike.swift */; };
		025BFFF228C1F45300073D58 /* GraphCapsule.swift in Sources */ = {isa = PBXBuildFile; fileRef = 025BFFEE28C1F45300073D58 /* GraphCapsule.swift */; };
		025BFFF328C1F45300073D58 /* HikeGraph.swift in Sources */ = {isa = PBXBuildFile; fileRef = 025BFFEF28C1F45300073D58 /* HikeGraph.swift */; };
		025BFFF428C1F45300073D58 /* HikeDetail.swift in Sources */ = {isa = PBXBuildFile; fileRef = 025BFFF028C1F45300073D58 /* HikeDetail.swift */; };
		025BFFF528C1F45300073D58 /* HikeView.swift in Sources */ = {isa = PBXBuildFile; fileRef = 025BFFF128C1F45300073D58 /* HikeView.swift */; };
		027DEC7728BCBED2001F69F7 /* FavoriteButton.swift in Sources */ = {isa = PBXBuildFile; fileRef = 027DEC7628BCBED2001F69F7 /* FavoriteButton.swift */; };
		027DEC7D28BD3332001F69F7 /* HexagonParameters.swift in Sources */ = {isa = PBXBuildFile; fileRef = 027DEC7C28BD3332001F69F7 /* HexagonParameters.swift */; };
		027DEC7F28BD365F001F69F7 /* BadgeBackground.swift in Sources */ = {isa = PBXBuildFile; fileRef = 027DEC7E28BD365F001F69F7 /* BadgeBackground.swift */; };
		027DEC8128BD5269001F69F7 /* BadgeSymbol.swift in Sources */ = {isa = PBXBuildFile; fileRef = 027DEC8028BD5269001F69F7 /* BadgeSymbol.swift */; };
		027DEC8328BD5446001F69F7 /* RotatedBadgeSymbol.swift in Sources */ = {isa = PBXBuildFile; fileRef = 027DEC8228BD5446001F69F7 /* RotatedBadgeSymbol.swift */; };
		027DEC8528BD55FB001F69F7 /* Badge.swift in Sources */ = {isa = PBXBuildFile; fileRef = 027DEC8428BD55FB001F69F7 /* Badge.swift */; };
		02FFD6BA28B39F91008C24BE /* LandmarksApp.swift in Sources */ = {isa = PBXBuildFile; fileRef = 02FFD6B928B39F91008C24BE /* LandmarksApp.swift */; };
		02FFD6BC28B39F91008C24BE /* ContentView.swift in Sources */ = {isa = PBXBuildFile; fileRef = 02FFD6BB28B39F91008C24BE /* ContentView.swift */; };
		02FFD6BE28B39F92008C24BE /* Assets.xcassets in Resources */ = {isa = PBXBuildFile; fileRef = 02FFD6BD28B39F92008C24BE /* Assets.xcassets */; };
		02FFD6C128B39F92008C24BE /* Preview Assets.xcassets in Resources */ = {isa = PBXBuildFile; fileRef = 02FFD6C028B39F92008C24BE /* Preview Assets.xcassets */; };
		02FFD6C828B3A5D5008C24BE /* CircleImage.swift in Sources */ = {isa = PBXBuildFile; fileRef = 02FFD6C728B3A5D5008C24BE /* CircleImage.swift */; };
		02FFD6CA28B3A89A008C24BE /* MapView.swift in Sources */ = {isa = PBXBuildFile; fileRef = 02FFD6C928B3A89A008C24BE /* MapView.swift */; };
		02FFD6CC28B3B863008C24BE /* landmarkData.json in Resources */ = {isa = PBXBuildFile; fileRef = 02FFD6CB28B3B863008C24BE /* landmarkData.json */; };
		02FFD6CE28B3B8A0008C24BE /* Landmark.swift in Sources */ = {isa = PBXBuildFile; fileRef = 02FFD6CD28B3B8A0008C24BE /* Landmark.swift */; };
		02FFD6D028B3BDDA008C24BE /* ModelData.swift in Sources */ = {isa = PBXBuildFile; fileRef = 02FFD6CF28B3BDDA008C24BE /* ModelData.swift */; };
		02FFD6D528B3C34C008C24BE /* LandmarkRow.swift in Sources */ = {isa = PBXBuildFile; fileRef = 02FFD6D428B3C34C008C24BE /* LandmarkRow.swift */; };
		02FFD6D728B3CA6E008C24BE /* LandmarkList.swift in Sources */ = {isa = PBXBuildFile; fileRef = 02FFD6D628B3CA6E008C24BE /* LandmarkList.swift */; };
		02FFD6D928B3CDAD008C24BE /* LandmarkDetail.swift in Sources */ = {isa = PBXBuildFile; fileRef = 02FFD6D828B3CDAD008C24BE /* LandmarkDetail.swift */; };
/* End PBXBuildFile section */

/* Begin PBXFileReference section */
		025BFFE928C1E1FF00073D58 /* hikeData.json */ = {isa = PBXFileReference; fileEncoding = 4; lastKnownFileType = text.json; path = hikeData.json; sourceTree = "<group>"; };
		025BFFEB28C1E4C900073D58 /* Hike.swift */ = {isa = PBXFileReference; lastKnownFileType = sourcecode.swift; path = Hike.swift; sourceTree = "<group>"; };
		025BFFEE28C1F45300073D58 /* GraphCapsule.swift */ = {isa = PBXFileReference; fileEncoding = 4; lastKnownFileType = sourcecode.swift; path = GraphCapsule.swift; sourceTree = "<group>"; };
		025BFFEF28C1F45300073D58 /* HikeGraph.swift */ = {isa = PBXFileReference; fileEncoding = 4; lastKnownFileType = sourcecode.swift; path = HikeGraph.swift; sourceTree = "<group>"; };
		025BFFF028C1F45300073D58 /* HikeDetail.swift */ = {isa = PBXFileReference; fileEncoding = 4; lastKnownFileType = sourcecode.swift; path = HikeDetail.swift; sourceTree = "<group>"; };
		025BFFF128C1F45300073D58 /* HikeView.swift */ = {isa = PBXFileReference; fileEncoding = 4; lastKnownFileType = sourcecode.swift; path = HikeView.swift; sourceTree = "<group>"; };
		027DEC7628BCBED2001F69F7 /* FavoriteButton.swift */ = {isa = PBXFileReference; lastKnownFileType = sourcecode.swift; path = FavoriteButton.swift; sourceTree = "<group>"; };
		027DEC7C28BD3332001F69F7 /* HexagonParameters.swift */ = {isa = PBXFileReference; lastKnownFileType = sourcecode.swift; path = HexagonParameters.swift; sourceTree = "<group>"; };
		027DEC7E28BD365F001F69F7 /* BadgeBackground.swift */ = {isa = PBXFileReference; lastKnownFileType = sourcecode.swift; path = BadgeBackground.swift; sourceTree = "<group>"; };
		027DEC8028BD5269001F69F7 /* BadgeSymbol.swift */ = {isa = PBXFileReference; lastKnownFileType = sourcecode.swift; path = BadgeSymbol.swift; sourceTree = "<group>"; };
		027DEC8228BD5446001F69F7 /* RotatedBadgeSymbol.swift */ = {isa = PBXFileReference; lastKnownFileType = sourcecode.swift; path = RotatedBadgeSymbol.swift; sourceTree = "<group>"; };
		027DEC8428BD55FB001F69F7 /* Badge.swift */ = {isa = PBXFileReference; lastKnownFileType = sourcecode.swift; path = Badge.swift; sourceTree = "<group>"; };
		02FFD6B628B39F91008C24BE /* Landmarks.app */ = {isa = PBXFileReference; explicitFileType = wrapper.application; includeInIndex = 0; path = Landmarks.app; sourceTree = BUILT_PRODUCTS_DIR; };
		02FFD6B928B39F91008C24BE /* LandmarksApp.swift */ = {isa = PBXFileReference; lastKnownFileType = sourcecode.swift; path = LandmarksApp.swift; sourceTree = "<group>"; };
		02FFD6BB28B39F91008C24BE /* ContentView.swift */ = {isa = PBXFileReference; lastKnownFileType = sourcecode.swift; path = ContentView.swift; sourceTree = "<group>"; };
		02FFD6BD28B39F92008C24BE /* Assets.xcassets */ = {isa = PBXFileReference; lastKnownFileType = folder.assetcatalog; path = Assets.xcassets; sourceTree = "<group>"; };
		02FFD6C028B39F92008C24BE /* Preview Assets.xcassets */ = {isa = PBXFileReference; lastKnownFileType = folder.assetcatalog; path = "Preview Assets.xcassets"; sourceTree = "<group>"; };
		02FFD6C728B3A5D5008C24BE /* CircleImage.swift */ = {isa = PBXFileReference; lastKnownFileType = sourcecode.swift; path = CircleImage.swift; sourceTree = "<group>"; };
		02FFD6C928B3A89A008C24BE /* MapView.swift */ = {isa = PBXFileReference; lastKnownFileType = sourcecode.swift; path = MapView.swift; sourceTree = "<group>"; };
		02FFD6CB28B3B863008C24BE /* landmarkData.json */ = {isa = PBXFileReference; fileEncoding = 4; lastKnownFileType = text.json; path = landmarkData.json; sourceTree = "<group>"; };
		02FFD6CD28B3B8A0008C24BE /* Landmark.swift */ = {isa = PBXFileReference; lastKnownFileType = sourcecode.swift; path = Landmark.swift; sourceTree = "<group>"; };
		02FFD6CF28B3BDDA008C24BE /* ModelData.swift */ = {isa = PBXFileReference; lastKnownFileType = sourcecode.swift; path = ModelData.swift; sourceTree = "<group>"; };
		02FFD6D428B3C34C008C24BE /* LandmarkRow.swift */ = {isa = PBXFileReference; lastKnownFileType = sourcecode.swift; path = LandmarkRow.swift; sourceTree = "<group>"; };
		02FFD6D628B3CA6E008C24BE /* LandmarkList.swift */ = {isa = PBXFileReference; lastKnownFileType = sourcecode.swift; path = LandmarkList.swift; sourceTree = "<group>"; };
		02FFD6D828B3CDAD008C24BE /* LandmarkDetail.swift */ = {isa = PBXFileReference; lastKnownFileType = sourcecode.swift; path = LandmarkDetail.swift; sourceTree = "<group>"; };
/* End PBXFileReference section */

/* Begin PBXFrameworksBuildPhase section */
		02FFD6B328B39F91008C24BE /* Frameworks */ = {
			isa = PBXFrameworksBuildPhase;
			buildActionMask = 2147483647;
			files = (
			);
			runOnlyForDeploymentPostprocessing = 0;
		};
/* End PBXFrameworksBuildPhase section */

/* Begin PBXGroup section */
		025BFFED28C1F45300073D58 /* Hikes */ = {
			isa = PBXGroup;
			children = (
				025BFFEE28C1F45300073D58 /* GraphCapsule.swift */,
				025BFFEF28C1F45300073D58 /* HikeGraph.swift */,
				025BFFF028C1F45300073D58 /* HikeDetail.swift */,
				025BFFF128C1F45300073D58 /* HikeView.swift */,
			);
			path = Hikes;
			sourceTree = "<group>";
		};
		027DEC7828BCC400001F69F7 /* Helpers */ = {
			isa = PBXGroup;
			children = (
				02FFD6C728B3A5D5008C24BE /* CircleImage.swift */,
				02FFD6C928B3A89A008C24BE /* MapView.swift */,
				027DEC7628BCBED2001F69F7 /* FavoriteButton.swift */,
			);
			path = Helpers;
			sourceTree = "<group>";
		};
		027DEC7928BCC41B001F69F7 /* Landmarks */ = {
			isa = PBXGroup;
			children = (
				02FFD6D428B3C34C008C24BE /* LandmarkRow.swift */,
				02FFD6D628B3CA6E008C24BE /* LandmarkList.swift */,
				02FFD6D828B3CDAD008C24BE /* LandmarkDetail.swift */,
			);
			path = Landmarks;
			sourceTree = "<group>";
		};
		027DEC8628BD5828001F69F7 /* Badges */ = {
			isa = PBXGroup;
			children = (
				027DEC8428BD55FB001F69F7 /* Badge.swift */,
				027DEC7E28BD365F001F69F7 /* BadgeBackground.swift */,
				027DEC8028BD5269001F69F7 /* BadgeSymbol.swift */,
				027DEC8228BD5446001F69F7 /* RotatedBadgeSymbol.swift */,
				027DEC7C28BD3332001F69F7 /* HexagonParameters.swift */,
			);
			path = Badges;
			sourceTree = "<group>";
		};
		02FFD6AD28B39F90008C24BE = {
			isa = PBXGroup;
			children = (
				02FFD6B828B39F91008C24BE /* Landmarks */,
				02FFD6B728B39F91008C24BE /* Products */,
			);
			sourceTree = "<group>";
		};
		02FFD6B728B39F91008C24BE /* Products */ = {
			isa = PBXGroup;
			children = (
				02FFD6B628B39F91008C24BE /* Landmarks.app */,
			);
			name = Products;
			sourceTree = "<group>";
		};
		02FFD6B828B39F91008C24BE /* Landmarks */ = {
			isa = PBXGroup;
			children = (
				02FFD6B928B39F91008C24BE /* LandmarksApp.swift */,
				02FFD6D128B3C1DF008C24BE /* Views */,
				02FFD6D228B3C201008C24BE /* Model */,
				02FFD6D328B3C259008C24BE /* Resources */,
				02FFD6BD28B39F92008C24BE /* Assets.xcassets */,
				02FFD6BF28B39F92008C24BE /* Preview Content */,
			);
			path = Landmarks;
			sourceTree = "<group>";
		};
		02FFD6BF28B39F92008C24BE /* Preview Content */ = {
			isa = PBXGroup;
			children = (
				02FFD6C028B39F92008C24BE /* Preview Assets.xcassets */,
			);
			path = "Preview Content";
			sourceTree = "<group>";
		};
		02FFD6D128B3C1DF008C24BE /* Views */ = {
			isa = PBXGroup;
			children = (
				02FFD6BB28B39F91008C24BE /* ContentView.swift */,
				027DEC7928BCC41B001F69F7 /* Landmarks */,
				027DEC8628BD5828001F69F7 /* Badges */,
				027DEC7828BCC400001F69F7 /* Helpers */,
				025BFFED28C1F45300073D58 /* Hikes */,
			);
			path = Views;
			sourceTree = "<group>";
		};
		02FFD6D228B3C201008C24BE /* Model */ = {
			isa = PBXGroup;
			children = (
				02FFD6CF28B3BDDA008C24BE /* ModelData.swift */,
				02FFD6CD28B3B8A0008C24BE /* Landmark.swift */,
				025BFFEB28C1E4C900073D58 /* Hike.swift */,
			);
			path = Model;
			sourceTree = "<group>";
		};
		02FFD6D328B3C259008C24BE /* Resources */ = {
			isa = PBXGroup;
			children = (
				02FFD6CB28B3B863008C24BE /* landmarkData.json */,
				025BFFE928C1E1FF00073D58 /* hikeData.json */,
			);
			path = Resources;
			sourceTree = "<group>";
		};
/* End PBXGroup section */

/* Begin PBXNativeTarget section */
		02FFD6B528B39F91008C24BE /* Landmarks */ = {
			isa = PBXNativeTarget;
			buildConfigurationList = 02FFD6C428B39F92008C24BE /* Build configuration list for PBXNativeTarget "Landmarks" */;
			buildPhases = (
				02FFD6B228B39F91008C24BE /* Sources */,
				02FFD6B328B39F91008C24BE /* Frameworks */,
				02FFD6B428B39F91008C24BE /* Resources */,
			);
			buildRules = (
			);
			dependencies = (
			);
			name = Landmarks;
			productName = Landmarks;
			productReference = 02FFD6B628B39F91008C24BE /* Landmarks.app */;
			productType = "com.apple.product-type.application";
		};
/* End PBXNativeTarget section */

/* Begin PBXProject section */
		02FFD6AE28B39F90008C24BE /* Project object */ = {
			isa = PBXProject;
			attributes = {
				BuildIndependentTargetsInParallel = 1;
				LastSwiftUpdateCheck = 1340;
				LastUpgradeCheck = 1340;
				TargetAttributes = {
					02FFD6B528B39F91008C24BE = {
						CreatedOnToolsVersion = 13.4.1;
					};
				};
			};
			buildConfigurationList = 02FFD6B128B39F90008C24BE /* Build configuration list for PBXProject "Landmarks" */;
			compatibilityVersion = "Xcode 13.0";
			developmentRegion = en;
			hasScannedForEncodings = 0;
			knownRegions = (
				en,
				Base,
			);
			mainGroup = 02FFD6AD28B39F90008C24BE;
			productRefGroup = 02FFD6B728B39F91008C24BE /* Products */;
			projectDirPath = "";
			projectRoot = "";
			targets = (
				02FFD6B528B39F91008C24BE /* Landmarks */,
			);
		};
/* End PBXProject section */

/* Begin PBXResourcesBuildPhase section */
		02FFD6B428B39F91008C24BE /* Resources */ = {
			isa = PBXResourcesBuildPhase;
			buildActionMask = 2147483647;
			files = (
				025BFFEA28C1E1FF00073D58 /* hikeData.json in Resources */,
				02FFD6C128B39F92008C24BE /* Preview Assets.xcassets in Resources */,
				02FFD6BE28B39F92008C24BE /* Assets.xcassets in Resources */,
				02FFD6CC28B3B863008C24BE /* landmarkData.json in Resources */,
			);
			runOnlyForDeploymentPostprocessing = 0;
		};
/* End PBXResourcesBuildPhase section */

/* Begin PBXSourcesBuildPhase section */
		02FFD6B228B39F91008C24BE /* Sources */ = {
			isa = PBXSourcesBuildPhase;
			buildActionMask = 2147483647;
			files = (
				02FFD6BC28B39F91008C24BE /* ContentView.swift in Sources */,
				025BFFF328C1F45300073D58 /* HikeGraph.swift in Sources */,
				027DEC8528BD55FB001F69F7 /* Badge.swift in Sources */,
				02FFD6CA28B3A89A008C24BE /* MapView.swift in Sources */,
				025BFFF228C1F45300073D58 /* GraphCapsule.swift in Sources */,
				02FFD6BA28B39F91008C24BE /* LandmarksApp.swift in Sources */,
				027DEC7728BCBED2001F69F7 /* FavoriteButton.swift in Sources */,
				025BFFF428C1F45300073D58 /* HikeDetail.swift in Sources */,
				027DEC7D28BD3332001F69F7 /* HexagonParameters.swift in Sources */,
				025BFFEC28C1E4C900073D58 /* Hike.swift in Sources */,
				027DEC8328BD5446001F69F7 /* RotatedBadgeSymbol.swift in Sources */,
				027DEC8128BD5269001F69F7 /* BadgeSymbol.swift in Sources */,
				02FFD6D728B3CA6E008C24BE /* LandmarkList.swift in Sources */,
				025BFFF528C1F45300073D58 /* HikeView.swift in Sources */,
				02FFD6D928B3CDAD008C24BE /* LandmarkDetail.swift in Sources */,
				027DEC7F28BD365F001F69F7 /* BadgeBackground.swift in Sources */,
				02FFD6C828B3A5D5008C24BE /* CircleImage.swift in Sources */,
				02FFD6CE28B3B8A0008C24BE /* Landmark.swift in Sources */,
				02FFD6D528B3C34C008C24BE /* LandmarkRow.swift in Sources */,
				02FFD6D028B3BDDA008C24BE /* ModelData.swift in Sources */,
			);
			runOnlyForDeploymentPostprocessing = 0;
		};
/* End PBXSourcesBuildPhase section */

/* Begin XCBuildConfiguration section */
		02FFD6C228B39F92008C24BE /* Debug */ = {
			isa = XCBuildConfiguration;
			buildSettings = {
				ALWAYS_SEARCH_USER_PATHS = NO;
				CLANG_ANALYZER_NONNULL = YES;
				CLANG_ANALYZER_NUMBER_OBJECT_CONVERSION = YES_AGGRESSIVE;
				CLANG_CXX_LANGUAGE_STANDARD = "gnu++17";
				CLANG_ENABLE_MODULES = YES;
				CLANG_ENABLE_OBJC_ARC = YES;
				CLANG_ENABLE_OBJC_WEAK = YES;
				CLANG_WARN_BLOCK_CAPTURE_AUTORELEASING = YES;
				CLANG_WARN_BOOL_CONVERSION = YES;
				CLANG_WARN_COMMA = YES;
				CLANG_WARN_CONSTANT_CONVERSION = YES;
				CLANG_WARN_DEPRECATED_OBJC_IMPLEMENTATIONS = YES;
				CLANG_WARN_DIRECT_OBJC_ISA_USAGE = YES_ERROR;
				CLANG_WARN_DOCUMENTATION_COMMENTS = YES;
				CLANG_WARN_EMPTY_BODY = YES;
				CLANG_WARN_ENUM_CONVERSION = YES;
				CLANG_WARN_INFINITE_RECURSION = YES;
				CLANG_WARN_INT_CONVERSION = YES;
				CLANG_WARN_NON_LITERAL_NULL_CONVERSION = YES;
				CLANG_WARN_OBJC_IMPLICIT_RETAIN_SELF = YES;
				CLANG_WARN_OBJC_LITERAL_CONVERSION = YES;
				CLANG_WARN_OBJC_ROOT_CLASS = YES_ERROR;
				CLANG_WARN_QUOTED_INCLUDE_IN_FRAMEWORK_HEADER = YES;
				CLANG_WARN_RANGE_LOOP_ANALYSIS = YES;
				CLANG_WARN_STRICT_PROTOTYPES = YES;
				CLANG_WARN_SUSPICIOUS_MOVE = YES;
				CLANG_WARN_UNGUARDED_AVAILABILITY = YES_AGGRESSIVE;
				CLANG_WARN_UNREACHABLE_CODE = YES;
				CLANG_WARN__DUPLICATE_METHOD_MATCH = YES;
				COPY_PHASE_STRIP = NO;
				DEBUG_INFORMATION_FORMAT = dwarf;
				ENABLE_STRICT_OBJC_MSGSEND = YES;
				ENABLE_TESTABILITY = YES;
				GCC_C_LANGUAGE_STANDARD = gnu11;
				GCC_DYNAMIC_NO_PIC = NO;
				GCC_NO_COMMON_BLOCKS = YES;
				GCC_OPTIMIZATION_LEVEL = 0;
				GCC_PREPROCESSOR_DEFINITIONS = (
					"DEBUG=1",
					"$(inherited)",
				);
				GCC_WARN_64_TO_32_BIT_CONVERSION = YES;
				GCC_WARN_ABOUT_RETURN_TYPE = YES_ERROR;
				GCC_WARN_UNDECLARED_SELECTOR = YES;
				GCC_WARN_UNINITIALIZED_AUTOS = YES_AGGRESSIVE;
				GCC_WARN_UNUSED_FUNCTION = YES;
				GCC_WARN_UNUSED_VARIABLE = YES;
				IPHONEOS_DEPLOYMENT_TARGET = 15.5;
				MTL_ENABLE_DEBUG_INFO = INCLUDE_SOURCE;
				MTL_FAST_MATH = YES;
				ONLY_ACTIVE_ARCH = YES;
				SDKROOT = iphoneos;
				SWIFT_ACTIVE_COMPILATION_CONDITIONS = DEBUG;
				SWIFT_OPTIMIZATION_LEVEL = "-Onone";
			};
			name = Debug;
		};
		02FFD6C328B39F92008C24BE /* Release */ = {
			isa = XCBuildConfiguration;
			buildSettings = {
				ALWAYS_SEARCH_USER_PATHS = NO;
				CLANG_ANALYZER_NONNULL = YES;
				CLANG_ANALYZER_NUMBER_OBJECT_CONVERSION = YES_AGGRESSIVE;
				CLANG_CXX_LANGUAGE_STANDARD = "gnu++17";
				CLANG_ENABLE_MODULES = YES;
				CLANG_ENABLE_OBJC_ARC = YES;
				CLANG_ENABLE_OBJC_WEAK = YES;
				CLANG_WARN_BLOCK_CAPTURE_AUTORELEASING = YES;
				CLANG_WARN_BOOL_CONVERSION = YES;
				CLANG_WARN_COMMA = YES;
				CLANG_WARN_CONSTANT_CONVERSION = YES;
				CLANG_WARN_DEPRECATED_OBJC_IMPLEMENTATIONS = YES;
				CLANG_WARN_DIRECT_OBJC_ISA_USAGE = YES_ERROR;
				CLANG_WARN_DOCUMENTATION_COMMENTS = YES;
				CLANG_WARN_EMPTY_BODY = YES;
				CLANG_WARN_ENUM_CONVERSION = YES;
				CLANG_WARN_INFINITE_RECURSION = YES;
				CLANG_WARN_INT_CONVERSION = YES;
				CLANG_WARN_NON_LITERAL_NULL_CONVERSION = YES;
				CLANG_WARN_OBJC_IMPLICIT_RETAIN_SELF = YES;
				CLANG_WARN_OBJC_LITERAL_CONVERSION = YES;
				CLANG_WARN_OBJC_ROOT_CLASS = YES_ERROR;
				CLANG_WARN_QUOTED_INCLUDE_IN_FRAMEWORK_HEADER = YES;
				CLANG_WARN_RANGE_LOOP_ANALYSIS = YES;
				CLANG_WARN_STRICT_PROTOTYPES = YES;
				CLANG_WARN_SUSPICIOUS_MOVE = YES;
				CLANG_WARN_UNGUARDED_AVAILABILITY = YES_AGGRESSIVE;
				CLANG_WARN_UNREACHABLE_CODE = YES;
				CLANG_WARN__DUPLICATE_METHOD_MATCH = YES;
				COPY_PHASE_STRIP = NO;
				DEBUG_INFORMATION_FORMAT = "dwarf-with-dsym";
				ENABLE_NS_ASSERTIONS = NO;
				ENABLE_STRICT_OBJC_MSGSEND = YES;
				GCC_C_LANGUAGE_STANDARD = gnu11;
				GCC_NO_COMMON_BLOCKS = YES;
				GCC_WARN_64_TO_32_BIT_CONVERSION = YES;
				GCC_WARN_ABOUT_RETURN_TYPE = YES_ERROR;
				GCC_WARN_UNDECLARED_SELECTOR = YES;
				GCC_WARN_UNINITIALIZED_AUTOS = YES_AGGRESSIVE;
				GCC_WARN_UNUSED_FUNCTION = YES;
				GCC_WARN_UNUSED_VARIABLE = YES;
				IPHONEOS_DEPLOYMENT_TARGET = 15.5;
				MTL_ENABLE_DEBUG_INFO = NO;
				MTL_FAST_MATH = YES;
				SDKROOT = iphoneos;
				SWIFT_COMPILATION_MODE = wholemodule;
				SWIFT_OPTIMIZATION_LEVEL = "-O";
				VALIDATE_PRODUCT = YES;
			};
			name = Release;
		};
		02FFD6C528B39F92008C24BE /* Debug */ = {
			isa = XCBuildConfiguration;
			buildSettings = {
				ASSETCATALOG_COMPILER_APPICON_NAME = AppIcon;
				ASSETCATALOG_COMPILER_GLOBAL_ACCENT_COLOR_NAME = AccentColor;
				CODE_SIGN_STYLE = Automatic;
				CURRENT_PROJECT_VERSION = 1;
				DEVELOPMENT_ASSET_PATHS = "\"Landmarks/Preview Content\"";
				DEVELOPMENT_TEAM = 82896UQ72B;
				ENABLE_PREVIEWS = YES;
				GENERATE_INFOPLIST_FILE = YES;
				INFOPLIST_KEY_UIApplicationSceneManifest_Generation = YES;
				INFOPLIST_KEY_UIApplicationSupportsIndirectInputEvents = YES;
				INFOPLIST_KEY_UILaunchScreen_Generation = YES;
				INFOPLIST_KEY_UISupportedInterfaceOrientations_iPad = "UIInterfaceOrientationPortrait UIInterfaceOrientationPortraitUpsideDown UIInterfaceOrientationLandscapeLeft UIInterfaceOrientationLandscapeRight";
				INFOPLIST_KEY_UISupportedInterfaceOrientations_iPhone = "UIInterfaceOrientationPortrait UIInterfaceOrientationLandscapeLeft UIInterfaceOrientationLandscapeRight";
				LD_RUNPATH_SEARCH_PATHS = (
					"$(inherited)",
					"@executable_path/Frameworks",
				);
				MARKETING_VERSION = 1.0;
				PRODUCT_BUNDLE_IDENTIFIER = com.dmytroivanchuk1998.Landmarks;
				PRODUCT_NAME = "$(TARGET_NAME)";
				SWIFT_EMIT_LOC_STRINGS = YES;
				SWIFT_VERSION = 5.0;
				TARGETED_DEVICE_FAMILY = "1,2";
			};
			name = Debug;
		};
		02FFD6C628B39F92008C24BE /* Release */ = {
			isa = XCBuildConfiguration;
			buildSettings = {
				ASSETCATALOG_COMPILER_APPICON_NAME = AppIcon;
				ASSETCATALOG_COMPILER_GLOBAL_ACCENT_COLOR_NAME = AccentColor;
				CODE_SIGN_STYLE = Automatic;
				CURRENT_PROJECT_VERSION = 1;
				DEVELOPMENT_ASSET_PATHS = "\"Landmarks/Preview Content\"";
				DEVELOPMENT_TEAM = 82896UQ72B;
				ENABLE_PREVIEWS = YES;
				GENERATE_INFOPLIST_FILE = YES;
				INFOPLIST_KEY_UIApplicationSceneManifest_Generation = YES;
				INFOPLIST_KEY_UIApplicationSupportsIndirectInputEvents = YES;
				INFOPLIST_KEY_UILaunchScreen_Generation = YES;
				INFOPLIST_KEY_UISupportedInterfaceOrientations_iPad = "UIInterfaceOrientationPortrait UIInterfaceOrientationPortraitUpsideDown UIInterfaceOrientationLandscapeLeft UIInterfaceOrientationLandscapeRight";
				INFOPLIST_KEY_UISupportedInterfaceOrientations_iPhone = "UIInterfaceOrientationPortrait UIInterfaceOrientationLandscapeLeft UIInterfaceOrientationLandscapeRight";
				LD_RUNPATH_SEARCH_PATHS = (
					"$(inherited)",
					"@executable_path/Frameworks",
				);
				MARKETING_VERSION = 1.0;
				PRODUCT_BUNDLE_IDENTIFIER = com.dmytroivanchuk1998.Landmarks;
				PRODUCT_NAME = "$(TARGET_NAME)";
				SWIFT_EMIT_LOC_STRINGS = YES;
				SWIFT_VERSION = 5.0;
				TARGETED_DEVICE_FAMILY = "1,2";
			};
			name = Release;
		};
/* End XCBuildConfiguration section */

/* Begin XCConfigurationList section */
		02FFD6B128B39F90008C24BE /* Build configuration list for PBXProject "Landmarks" */ = {
			isa = XCConfigurationList;
			buildConfigurations = (
				02FFD6C228B39F92008C24BE /* Debug */,
				02FFD6C328B39F92008C24BE /* Release */,
			);
			defaultConfigurationIsVisible = 0;
			defaultConfigurationName = Release;
		};
		02FFD6C428B39F92008C24BE /* Build configuration list for PBXNativeTarget "Landmarks" */ = {
			isa = XCConfigurationList;
			buildConfigurations = (
				02FFD6C528B39F92008C24BE /* Debug */,
				02FFD6C628B39F92008C24BE /* Release */,
			);
			defaultConfigurationIsVisible = 0;
			defaultConfigurationName = Release;
		};
/* End XCConfigurationList section */
	};
	rootObject = 02FFD6AE28B39F90008C24BE /* Project object */;
}
